
Microsoft Visual Studio Solution File, Format Version 12.00
# Visual Studio Version 17
VisualStudioVersion = 17.12.35527.113 d17.12
MinimumVisualStudioVersion = 10.0.40219.1
Project("{8BC9CEB8-8B4A-11D0-8D11-00A0C91BC942}") = "1.1", "1.1\1.1.vcxproj", "{B3EA47D6-0E63-4F49-A842-C0CE2C4AA627}"
EndProject
Project("{8BC9CEB8-8B4A-11D0-8D11-00A0C91BC942}") = "1.2", "1.2\1.2.vcxproj", "{A487EEBF-6DC9-4155-8CA2-7ACBE6ED9FA1}"
EndProject
Project("{8BC9CEB8-8B4A-11D0-8D11-00A0C91BC942}") = "1.3", "1.3\1.3.vcxproj", "{739DE348-6E09-47A5-B9CC-4C158079F673}"
EndProject
Global
	GlobalSection(SolutionConfigurationPlatforms) = preSolution
		Debug|x64 = Debug|x64
		Debug|x86 = Debug|x86
		Release|x64 = Release|x64
		Release|x86 = Release|x86
	EndGlobalSection
	GlobalSection(ProjectConfigurationPlatforms) = postSolution
		{B3EA47D6-0E63-4F49-A842-C0CE2C4AA627}.Debug|x64.ActiveCfg = Debug|x64
		{B3EA47D6-0E63-4F49-A842-C0CE2C4AA627}.Debug|x64.Build.0 = Debug|x64
		{B3EA47D6-0E63-4F49-A842-C0CE2C4AA627}.Debug|x86.ActiveCfg = Debug|Win32
		{B3EA47D6-0E63-4F49-A842-C0CE2C4AA627}.Debug|x86.Build.0 = Debug|Win32
		{B3EA47D6-0E63-4F49-A842-C0CE2C4AA627}.Release|x64.ActiveCfg = Release|x64
		{B3EA47D6-0E63-4F49-A842-C0CE2C4AA627}.Release|x64.Build.0 = Release|x64
		{B3EA47D6-0E63-4F49-A842-C0CE2C4AA627}.Release|x86.ActiveCfg = Release|Win32
		{B3EA47D6-0E63-4F49-A842-C0CE2C4AA627}.Release|x86.Build.0 = Release|Win32
		{A487EEBF-6DC9-4155-8CA2-7ACBE6ED9FA1}.Debug|x64.ActiveCfg = Debug|x64
		{A487EEBF-6DC9-4155-8CA2-7ACBE6ED9FA1}.Debug|x64.Build.0 = Debug|x64
		{A487EEBF-6DC9-4155-8CA2-7ACBE6ED9FA1}.Debug|x86.ActiveCfg = Debug|Win32
		{A487EEBF-6DC9-4155-8CA2-7ACBE6ED9FA1}.Debug|x86.Build.0 = Debug|Win32
		{A487EEBF-6DC9-4155-8CA2-7ACBE6ED9FA1}.Release|x64.ActiveCfg = Release|x64
		{A487EEBF-6DC9-4155-8CA2-7ACBE6ED9FA1}.Release|x64.Build.0 = Release|x64
		{A487EEBF-6DC9-4155-8CA2-7ACBE6ED9FA1}.Release|x86.ActiveCfg = Release|Win32
		{A487EEBF-6DC9-4155-8CA2-7ACBE6ED9FA1}.Release|x86.Build.0 = Release|Win32
		{739DE348-6E09-47A5-B9CC-4C158079F673}.Debug|x64.ActiveCfg = Debug|x64
		{739DE348-6E09-47A5-B9CC-4C158079F673}.Debug|x64.Build.0 = Debug|x64
		{739DE348-6E09-47A5-B9CC-4C158079F673}.Debug|x86.ActiveCfg = Debug|Win32
		{739DE348-6E09-47A5-B9CC-4C158079F673}.Debug|x86.Build.0 = Debug|Win32
		{739DE348-6E09-47A5-B9CC-4C158079F673}.Release|x64.ActiveCfg = Release|x64
		{739DE348-6E09-47A5-B9CC-4C158079F673}.Release|x64.Build.0 = Release|x64
		{739DE348-6E09-47A5-B9CC-4C158079F673}.Release|x86.ActiveCfg = Release|Win32
		{739DE348-6E09-47A5-B9CC-4C158079F673}.Release|x86.Build.0 = Release|Win32
	EndGlobalSection
	GlobalSection(SolutionProperties) = preSolution
		HideSolutionNode = FALSE
	EndGlobalSection
EndGlobal
