
Microsoft Visual Studio Solution File, Format Version 12.00
# Visual Studio Version 17
VisualStudioVersion = 17.14.36518.9 d17.14
MinimumVisualStudioVersion = 10.0.40219.1
Project("{FAE04EC0-301F-11D3-BF4B-00C04F79EFBC}") = "3.1", "3.1\3.1.csproj", "{A6711895-ABFF-44E7-9A47-A62743870F71}"
EndProject
Project("{FAE04EC0-301F-11D3-BF4B-00C04F79EFBC}") = "3.2", "3.2\3.2.csproj", "{1772E8DD-9554-4B05-8F5E-D5AFE27BB3B2}"
EndProject
Project("{FAE04EC0-301F-11D3-BF4B-00C04F79EFBC}") = "3.3", "3.3\3.3.csproj", "{79D2B202-4A93-441D-9B7D-B3361A7C63E6}"
EndProject
Project("{FAE04EC0-301F-11D3-BF4B-00C04F79EFBC}") = "3.4", "3.4\3.4.csproj", "{815D2451-CE06-4D6D-A17A-99588FA55EB7}"
EndProject
Project("{FAE04EC0-301F-11D3-BF4B-00C04F79EFBC}") = "3.5", "3.5\3.5.csproj", "{DF649518-3E40-489F-AC0A-224067AA913D}"
EndProject
Project("{FAE04EC0-301F-11D3-BF4B-00C04F79EFBC}") = "3.6", "3.6\3.6.csproj", "{D2B77FC3-C6A5-4730-9AA7-724D9E9BD7B2}"
EndProject
Global
	GlobalSection(SolutionConfigurationPlatforms) = preSolution
		Debug|Any CPU = Debug|Any CPU
		Release|Any CPU = Release|Any CPU
	EndGlobalSection
	GlobalSection(ProjectConfigurationPlatforms) = postSolution
		{A6711895-ABFF-44E7-9A47-A62743870F71}.Debug|Any CPU.ActiveCfg = Debug|Any CPU
		{A6711895-ABFF-44E7-9A47-A62743870F71}.Debug|Any CPU.Build.0 = Debug|Any CPU
		{A6711895-ABFF-44E7-9A47-A62743870F71}.Release|Any CPU.ActiveCfg = Release|Any CPU
		{A6711895-ABFF-44E7-9A47-A62743870F71}.Release|Any CPU.Build.0 = Release|Any CPU
		{1772E8DD-9554-4B05-8F5E-D5AFE27BB3B2}.Debug|Any CPU.ActiveCfg = Debug|Any CPU
		{1772E8DD-9554-4B05-8F5E-D5AFE27BB3B2}.Debug|Any CPU.Build.0 = Debug|Any CPU
		{1772E8DD-9554-4B05-8F5E-D5AFE27BB3B2}.Release|Any CPU.ActiveCfg = Release|Any CPU
		{1772E8DD-9554-4B05-8F5E-D5AFE27BB3B2}.Release|Any CPU.Build.0 = Release|Any CPU
		{79D2B202-4A93-441D-9B7D-B3361A7C63E6}.Debug|Any CPU.ActiveCfg = Debug|Any CPU
		{79D2B202-4A93-441D-9B7D-B3361A7C63E6}.Debug|Any CPU.Build.0 = Debug|Any CPU
		{79D2B202-4A93-441D-9B7D-B3361A7C63E6}.Release|Any CPU.ActiveCfg = Release|Any CPU
		{79D2B202-4A93-441D-9B7D-B3361A7C63E6}.Release|Any CPU.Build.0 = Release|Any CPU
		{815D2451-CE06-4D6D-A17A-99588FA55EB7}.Debug|Any CPU.ActiveCfg = Debug|Any CPU
		{815D2451-CE06-4D6D-A17A-99588FA55EB7}.Debug|Any CPU.Build.0 = Debug|Any CPU
		{815D2451-CE06-4D6D-A17A-99588FA55EB7}.Release|Any CPU.ActiveCfg = Release|Any CPU
		{815D2451-CE06-4D6D-A17A-99588FA55EB7}.Release|Any CPU.Build.0 = Release|Any CPU
		{DF649518-3E40-489F-AC0A-224067AA913D}.Debug|Any CPU.ActiveCfg = Debug|Any CPU
		{DF649518-3E40-489F-AC0A-224067AA913D}.Debug|Any CPU.Build.0 = Debug|Any CPU
		{DF649518-3E40-489F-AC0A-224067AA913D}.Release|Any CPU.ActiveCfg = Release|Any CPU
		{DF649518-3E40-489F-AC0A-224067AA913D}.Release|Any CPU.Build.0 = Release|Any CPU
		{D2B77FC3-C6A5-4730-9AA7-724D9E9BD7B2}.Debug|Any CPU.ActiveCfg = Debug|Any CPU
		{D2B77FC3-C6A5-4730-9AA7-724D9E9BD7B2}.Debug|Any CPU.Build.0 = Debug|Any CPU
		{D2B77FC3-C6A5-4730-9AA7-724D9E9BD7B2}.Release|Any CPU.ActiveCfg = Release|Any CPU
		{D2B77FC3-C6A5-4730-9AA7-724D9E9BD7B2}.Release|Any CPU.Build.0 = Release|Any CPU
	EndGlobalSection
	GlobalSection(SolutionProperties) = preSolution
		HideSolutionNode = FALSE
	EndGlobalSection
	GlobalSection(ExtensibilityGlobals) = postSolution
		SolutionGuid = {CF610C41-BFC5-4857-A3DE-8FD3DDD61A6A}
	EndGlobalSection
EndGlobal
