
Microsoft Visual Studio Solution File, Format Version 12.00
# Visual Studio Version 17
VisualStudioVersion = 17.12.35527.113
MinimumVisualStudioVersion = 10.0.40219.1
Project("{8BC9CEB8-8B4A-11D0-8D11-00A0C91BC942}") = "5.15", "5.15\5.15.vcxproj", "{BABCDFAA-8BBE-4297-8662-4229843166C4}"
EndProject
Project("{8BC9CEB8-8B4A-11D0-8D11-00A0C91BC942}") = "16.1-2", "16\16.vcxproj", "{28A90776-2A4A-43D8-BE53-55188FC59937}"
EndProject
Project("{8BC9CEB8-8B4A-11D0-8D11-00A0C91BC942}") = "16.3", "16.3\16.3.vcxproj", "{37B0B1B3-F5B7-4240-901B-A3DF01EB31CB}"
EndProject
Project("{8BC9CEB8-8B4A-11D0-8D11-00A0C91BC942}") = "17", "17\17.vcxproj", "{60BC8B70-B1DF-4C33-93EB-7CB21D622AE0}"
EndProject
Global
	GlobalSection(SolutionConfigurationPlatforms) = preSolution
		Debug|x64 = Debug|x64
		Debug|x86 = Debug|x86
		Release|x64 = Release|x64
		Release|x86 = Release|x86
	EndGlobalSection
	GlobalSection(ProjectConfigurationPlatforms) = postSolution
		{BABCDFAA-8BBE-4297-8662-4229843166C4}.Debug|x64.ActiveCfg = Debug|x64
		{BABCDFAA-8BBE-4297-8662-4229843166C4}.Debug|x64.Build.0 = Debug|x64
		{BABCDFAA-8BBE-4297-8662-4229843166C4}.Debug|x86.ActiveCfg = Debug|Win32
		{BABCDFAA-8BBE-4297-8662-4229843166C4}.Debug|x86.Build.0 = Debug|Win32
		{BABCDFAA-8BBE-4297-8662-4229843166C4}.Release|x64.ActiveCfg = Release|x64
		{BABCDFAA-8BBE-4297-8662-4229843166C4}.Release|x64.Build.0 = Release|x64
		{BABCDFAA-8BBE-4297-8662-4229843166C4}.Release|x86.ActiveCfg = Release|Win32
		{BABCDFAA-8BBE-4297-8662-4229843166C4}.Release|x86.Build.0 = Release|Win32
		{28A90776-2A4A-43D8-BE53-55188FC59937}.Debug|x64.ActiveCfg = Debug|x64
		{28A90776-2A4A-43D8-BE53-55188FC59937}.Debug|x64.Build.0 = Debug|x64
		{28A90776-2A4A-43D8-BE53-55188FC59937}.Debug|x86.ActiveCfg = Debug|Win32
		{28A90776-2A4A-43D8-BE53-55188FC59937}.Debug|x86.Build.0 = Debug|Win32
		{28A90776-2A4A-43D8-BE53-55188FC59937}.Release|x64.ActiveCfg = Release|x64
		{28A90776-2A4A-43D8-BE53-55188FC59937}.Release|x64.Build.0 = Release|x64
		{28A90776-2A4A-43D8-BE53-55188FC59937}.Release|x86.ActiveCfg = Release|Win32
		{28A90776-2A4A-43D8-BE53-55188FC59937}.Release|x86.Build.0 = Release|Win32
		{37B0B1B3-F5B7-4240-901B-A3DF01EB31CB}.Debug|x64.ActiveCfg = Debug|x64
		{37B0B1B3-F5B7-4240-901B-A3DF01EB31CB}.Debug|x64.Build.0 = Debug|x64
		{37B0B1B3-F5B7-4240-901B-A3DF01EB31CB}.Debug|x86.ActiveCfg = Debug|Win32
		{37B0B1B3-F5B7-4240-901B-A3DF01EB31CB}.Debug|x86.Build.0 = Debug|Win32
		{37B0B1B3-F5B7-4240-901B-A3DF01EB31CB}.Release|x64.ActiveCfg = Release|x64
		{37B0B1B3-F5B7-4240-901B-A3DF01EB31CB}.Release|x64.Build.0 = Release|x64
		{37B0B1B3-F5B7-4240-901B-A3DF01EB31CB}.Release|x86.ActiveCfg = Release|Win32
		{37B0B1B3-F5B7-4240-901B-A3DF01EB31CB}.Release|x86.Build.0 = Release|Win32
		{60BC8B70-B1DF-4C33-93EB-7CB21D622AE0}.Debug|x64.ActiveCfg = Debug|x64
		{60BC8B70-B1DF-4C33-93EB-7CB21D622AE0}.Debug|x64.Build.0 = Debug|x64
		{60BC8B70-B1DF-4C33-93EB-7CB21D622AE0}.Debug|x86.ActiveCfg = Debug|Win32
		{60BC8B70-B1DF-4C33-93EB-7CB21D622AE0}.Debug|x86.Build.0 = Debug|Win32
		{60BC8B70-B1DF-4C33-93EB-7CB21D622AE0}.Release|x64.ActiveCfg = Release|x64
		{60BC8B70-B1DF-4C33-93EB-7CB21D622AE0}.Release|x64.Build.0 = Release|x64
		{60BC8B70-B1DF-4C33-93EB-7CB21D622AE0}.Release|x86.ActiveCfg = Release|Win32
		{60BC8B70-B1DF-4C33-93EB-7CB21D622AE0}.Release|x86.Build.0 = Release|Win32
	EndGlobalSection
	GlobalSection(SolutionProperties) = preSolution
		HideSolutionNode = FALSE
	EndGlobalSection
EndGlobal
