
Microsoft Visual Studio Solution File, Format Version 12.00
# Visual Studio Version 17
VisualStudioVersion = 17.12.35527.113
MinimumVisualStudioVersion = 10.0.40219.1
Project("{8BC9CEB8-8B4A-11D0-8D11-00A0C91BC942}") = "2.2.1", "2.2\2.2.vcxproj", "{450B8A5A-570B-4500-83F5-1176A31097DB}"
EndProject
Project("{8BC9CEB8-8B4A-11D0-8D11-00A0C91BC942}") = "2.2.3", "2.2.3\2.2.3.vcxproj", "{138DCD71-F5BD-44C0-9C3C-B91E09908222}"
EndProject
Project("{8BC9CEB8-8B4A-11D0-8D11-00A0C91BC942}") = "2.2.4", "2.2.4\2.2.4.vcxproj", "{9085EB8D-03E4-4579-B84C-9D0477EF9CC4}"
EndProject
Project("{8BC9CEB8-8B4A-11D0-8D11-00A0C91BC942}") = "2.2.5", "2.2.5\2.2.5.vcxproj", "{EB542244-5A3C-44B9-835E-5DF79A5C383D}"
EndProject
Project("{8BC9CEB8-8B4A-11D0-8D11-00A0C91BC942}") = "2.2.2", "2.2.2\2.2.2.vcxproj", "{09B7C0CE-33F7-490C-96CE-FEAF39137913}"
EndProject
Project("{8BC9CEB8-8B4A-11D0-8D11-00A0C91BC942}") = "2.2.5_v2", "2.2.5_v2\2.2.5_v2.vcxproj", "{28566DDA-8131-48C3-8125-7788AD7F3F05}"
EndProject
Project("{8BC9CEB8-8B4A-11D0-8D11-00A0C91BC942}") = "2.2.2_v2", "2.2.2_v2\2.2.2_v2.vcxproj", "{F1171698-7DBC-4DEC-8231-52641E49CF2B}"
EndProject
Global
	GlobalSection(SolutionConfigurationPlatforms) = preSolution
		Debug|x64 = Debug|x64
		Debug|x86 = Debug|x86
		Release|x64 = Release|x64
		Release|x86 = Release|x86
	EndGlobalSection
	GlobalSection(ProjectConfigurationPlatforms) = postSolution
		{450B8A5A-570B-4500-83F5-1176A31097DB}.Debug|x64.ActiveCfg = Debug|x64
		{450B8A5A-570B-4500-83F5-1176A31097DB}.Debug|x64.Build.0 = Debug|x64
		{450B8A5A-570B-4500-83F5-1176A31097DB}.Debug|x86.ActiveCfg = Debug|Win32
		{450B8A5A-570B-4500-83F5-1176A31097DB}.Debug|x86.Build.0 = Debug|Win32
		{450B8A5A-570B-4500-83F5-1176A31097DB}.Release|x64.ActiveCfg = Release|x64
		{450B8A5A-570B-4500-83F5-1176A31097DB}.Release|x64.Build.0 = Release|x64
		{450B8A5A-570B-4500-83F5-1176A31097DB}.Release|x86.ActiveCfg = Release|Win32
		{450B8A5A-570B-4500-83F5-1176A31097DB}.Release|x86.Build.0 = Release|Win32
		{138DCD71-F5BD-44C0-9C3C-B91E09908222}.Debug|x64.ActiveCfg = Debug|x64
		{138DCD71-F5BD-44C0-9C3C-B91E09908222}.Debug|x64.Build.0 = Debug|x64
		{138DCD71-F5BD-44C0-9C3C-B91E09908222}.Debug|x86.ActiveCfg = Debug|Win32
		{138DCD71-F5BD-44C0-9C3C-B91E09908222}.Debug|x86.Build.0 = Debug|Win32
		{138DCD71-F5BD-44C0-9C3C-B91E09908222}.Release|x64.ActiveCfg = Release|x64
		{138DCD71-F5BD-44C0-9C3C-B91E09908222}.Release|x64.Build.0 = Release|x64
		{138DCD71-F5BD-44C0-9C3C-B91E09908222}.Release|x86.ActiveCfg = Release|Win32
		{138DCD71-F5BD-44C0-9C3C-B91E09908222}.Release|x86.Build.0 = Release|Win32
		{9085EB8D-03E4-4579-B84C-9D0477EF9CC4}.Debug|x64.ActiveCfg = Debug|x64
		{9085EB8D-03E4-4579-B84C-9D0477EF9CC4}.Debug|x64.Build.0 = Debug|x64
		{9085EB8D-03E4-4579-B84C-9D0477EF9CC4}.Debug|x86.ActiveCfg = Debug|Win32
		{9085EB8D-03E4-4579-B84C-9D0477EF9CC4}.Debug|x86.Build.0 = Debug|Win32
		{9085EB8D-03E4-4579-B84C-9D0477EF9CC4}.Release|x64.ActiveCfg = Release|x64
		{9085EB8D-03E4-4579-B84C-9D0477EF9CC4}.Release|x64.Build.0 = Release|x64
		{9085EB8D-03E4-4579-B84C-9D0477EF9CC4}.Release|x86.ActiveCfg = Release|Win32
		{9085EB8D-03E4-4579-B84C-9D0477EF9CC4}.Release|x86.Build.0 = Release|Win32
		{EB542244-5A3C-44B9-835E-5DF79A5C383D}.Debug|x64.ActiveCfg = Debug|x64
		{EB542244-5A3C-44B9-835E-5DF79A5C383D}.Debug|x64.Build.0 = Debug|x64
		{EB542244-5A3C-44B9-835E-5DF79A5C383D}.Debug|x86.ActiveCfg = Debug|Win32
		{EB542244-5A3C-44B9-835E-5DF79A5C383D}.Debug|x86.Build.0 = Debug|Win32
		{EB542244-5A3C-44B9-835E-5DF79A5C383D}.Release|x64.ActiveCfg = Release|x64
		{EB542244-5A3C-44B9-835E-5DF79A5C383D}.Release|x64.Build.0 = Release|x64
		{EB542244-5A3C-44B9-835E-5DF79A5C383D}.Release|x86.ActiveCfg = Release|Win32
		{EB542244-5A3C-44B9-835E-5DF79A5C383D}.Release|x86.Build.0 = Release|Win32
		{09B7C0CE-33F7-490C-96CE-FEAF39137913}.Debug|x64.ActiveCfg = Debug|x64
		{09B7C0CE-33F7-490C-96CE-FEAF39137913}.Debug|x64.Build.0 = Debug|x64
		{09B7C0CE-33F7-490C-96CE-FEAF39137913}.Debug|x86.ActiveCfg = Debug|Win32
		{09B7C0CE-33F7-490C-96CE-FEAF39137913}.Debug|x86.Build.0 = Debug|Win32
		{09B7C0CE-33F7-490C-96CE-FEAF39137913}.Release|x64.ActiveCfg = Release|x64
		{09B7C0CE-33F7-490C-96CE-FEAF39137913}.Release|x64.Build.0 = Release|x64
		{09B7C0CE-33F7-490C-96CE-FEAF39137913}.Release|x86.ActiveCfg = Release|Win32
		{09B7C0CE-33F7-490C-96CE-FEAF39137913}.Release|x86.Build.0 = Release|Win32
		{28566DDA-8131-48C3-8125-7788AD7F3F05}.Debug|x64.ActiveCfg = Debug|x64
		{28566DDA-8131-48C3-8125-7788AD7F3F05}.Debug|x64.Build.0 = Debug|x64
		{28566DDA-8131-48C3-8125-7788AD7F3F05}.Debug|x86.ActiveCfg = Debug|Win32
		{28566DDA-8131-48C3-8125-7788AD7F3F05}.Debug|x86.Build.0 = Debug|Win32
		{28566DDA-8131-48C3-8125-7788AD7F3F05}.Release|x64.ActiveCfg = Release|x64
		{28566DDA-8131-48C3-8125-7788AD7F3F05}.Release|x64.Build.0 = Release|x64
		{28566DDA-8131-48C3-8125-7788AD7F3F05}.Release|x86.ActiveCfg = Release|Win32
		{28566DDA-8131-48C3-8125-7788AD7F3F05}.Release|x86.Build.0 = Release|Win32
		{F1171698-7DBC-4DEC-8231-52641E49CF2B}.Debug|x64.ActiveCfg = Debug|x64
		{F1171698-7DBC-4DEC-8231-52641E49CF2B}.Debug|x64.Build.0 = Debug|x64
		{F1171698-7DBC-4DEC-8231-52641E49CF2B}.Debug|x86.ActiveCfg = Debug|Win32
		{F1171698-7DBC-4DEC-8231-52641E49CF2B}.Debug|x86.Build.0 = Debug|Win32
		{F1171698-7DBC-4DEC-8231-52641E49CF2B}.Release|x64.ActiveCfg = Release|x64
		{F1171698-7DBC-4DEC-8231-52641E49CF2B}.Release|x64.Build.0 = Release|x64
		{F1171698-7DBC-4DEC-8231-52641E49CF2B}.Release|x86.ActiveCfg = Release|Win32
		{F1171698-7DBC-4DEC-8231-52641E49CF2B}.Release|x86.Build.0 = Release|Win32
	EndGlobalSection
	GlobalSection(SolutionProperties) = preSolution
		HideSolutionNode = FALSE
	EndGlobalSection
EndGlobal
