Microsoft Visual Studio Solution File, Format Version 12.00
# Visual Studio Version 17
VisualStudioVersion = 17.5.2.0
MinimumVisualStudioVersion = 10.0.40219.1
Project("{FAE04EC0-301F-11D3-BF4B-00C04F79EFBC}") = "SP_4", "SP_4.csproj", "{47C57785-23CF-0F16-5B8F-0957D9B8D58C}"
EndProject
Global
	GlobalSection(SolutionConfigurationPlatforms) = preSolution
		Debug|Any CPU = Debug|Any CPU
		Release|Any CPU = Release|Any CPU
	EndGlobalSection
	GlobalSection(ProjectConfigurationPlatforms) = postSolution
		{47C57785-23CF-0F16-5B8F-0957D9B8D58C}.Debug|Any CPU.ActiveCfg = Debug|Any CPU
		{47C57785-23CF-0F16-5B8F-0957D9B8D58C}.Debug|Any CPU.Build.0 = Debug|Any CPU
		{47C57785-23CF-0F16-5B8F-0957D9B8D58C}.Release|Any CPU.ActiveCfg = Release|Any CPU
		{47C57785-23CF-0F16-5B8F-0957D9B8D58C}.Release|Any CPU.Build.0 = Release|Any CPU
	EndGlobalSection
	GlobalSection(SolutionProperties) = preSolution
		HideSolutionNode = FALSE
	EndGlobalSection
	GlobalSection(ExtensibilityGlobals) = postSolution
		SolutionGuid = {49EAA777-4BC3-45C8-8A90-80A30EB530EF}
	EndGlobalSection
EndGlobal
