
Microsoft Visual Studio Solution File, Format Version 12.00
# Visual Studio Version 17
VisualStudioVersion = 17.14.36518.9 d17.14
MinimumVisualStudioVersion = 10.0.40219.1
Project("{FAE04EC0-301F-11D3-BF4B-00C04F79EFBC}") = "4.1&2", "4.1\4.1&2.csproj", "{A642CFB0-7A21-42E6-89B9-1E260CD0FC78}"
EndProject
Project("{FAE04EC0-301F-11D3-BF4B-00C04F79EFBC}") = "4.3&4", "4.3&4\4.3&4.csproj", "{82EA8CB9-2B4F-4BCE-9E66-1F554751432B}"
EndProject
Global
	GlobalSection(SolutionConfigurationPlatforms) = preSolution
		Debug|Any CPU = Debug|Any CPU
		Release|Any CPU = Release|Any CPU
	EndGlobalSection
	GlobalSection(ProjectConfigurationPlatforms) = postSolution
		{A642CFB0-7A21-42E6-89B9-1E260CD0FC78}.Debug|Any CPU.ActiveCfg = Debug|Any CPU
		{A642CFB0-7A21-42E6-89B9-1E260CD0FC78}.Debug|Any CPU.Build.0 = Debug|Any CPU
		{A642CFB0-7A21-42E6-89B9-1E260CD0FC78}.Release|Any CPU.ActiveCfg = Release|Any CPU
		{A642CFB0-7A21-42E6-89B9-1E260CD0FC78}.Release|Any CPU.Build.0 = Release|Any CPU
		{82EA8CB9-2B4F-4BCE-9E66-1F554751432B}.Debug|Any CPU.ActiveCfg = Debug|Any CPU
		{82EA8CB9-2B4F-4BCE-9E66-1F554751432B}.Debug|Any CPU.Build.0 = Debug|Any CPU
		{82EA8CB9-2B4F-4BCE-9E66-1F554751432B}.Release|Any CPU.ActiveCfg = Release|Any CPU
		{82EA8CB9-2B4F-4BCE-9E66-1F554751432B}.Release|Any CPU.Build.0 = Release|Any CPU
	EndGlobalSection
	GlobalSection(SolutionProperties) = preSolution
		HideSolutionNode = FALSE
	EndGlobalSection
	GlobalSection(ExtensibilityGlobals) = postSolution
		SolutionGuid = {CC4B8A45-6AAC-4C85-ACD6-3DDA86824308}
	EndGlobalSection
EndGlobal
